// !$*UTF8*$!
{
	archiveVersion = 1;
	classes = {
	};
	objectVersion = 46;
	objects = {

/* Begin PBXBuildFile section */
		353F20491E0A2E85004027DD /* main.m in Sources */ = {isa = PBXBuildFile; fileRef = 353F20481E0A2E85004027DD /* main.m */; };
		353F204C1E0A2E85004027DD /* AppDelegate.m in Sources */ = {isa = PBXBuildFile; fileRef = 353F204B1E0A2E85004027DD /* AppDelegate.m */; };
		353F204F1E0A2E85004027DD /* ViewController.m in Sources */ = {isa = PBXBuildFile; fileRef = 353F204E1E0A2E85004027DD /* ViewController.m */; };
		353F20521E0A2E85004027DD /* Main.storyboard in Resources */ = {isa = PBXBuildFile; fileRef = 353F20501E0A2E85004027DD /* Main.storyboard */; };
		353F20551E0A2E85004027DD /* RCStatusBarHUDExample.xcdatamodeld in Sources */ = {isa = PBXBuildFile; fileRef = 353F20531E0A2E85004027DD /* RCStatusBarHUDExample.xcdatamodeld */; };
		353F20571E0A2E85004027DD /* Assets.xcassets in Resources */ = {isa = PBXBuildFile; fileRef = 353F20561E0A2E85004027DD /* Assets.xcassets */; };
		353F205A1E0A2E85004027DD /* LaunchScreen.storyboard in Resources */ = {isa = PBXBuildFile; fileRef = 353F20581E0A2E85004027DD /* LaunchScreen.storyboard */; };
		353F206B1E0A2F46004027DD /* RCStatusBarHUD.bundle in Resources */ = {isa = PBXBuildFile; fileRef = 353F20681E0A2F46004027DD /* RCStatusBarHUD.bundle */; };
		353F206C1E0A2F46004027DD /* RCStatusBarHUD.m in Sources */ = {isa = PBXBuildFile; fileRef = 353F206A1E0A2F46004027DD /* RCStatusBarHUD.m */; };
/* End PBXBuildFile section */

/* Begin PBXFileReference section */
		353F20441E0A2E85004027DD /* RCStatusBarHUDExample.app */ = {isa = PBXFileReference; explicitFileType = wrapper.application; includeInIndex = 0; path = RCStatusBarHUDExample.app; sourceTree = BUILT_PRODUCTS_DIR; };
		353F20481E0A2E85004027DD /* main.m */ = {isa = PBXFileReference; lastKnownFileType = sourcecode.c.objc; path = main.m; sourceTree = "<group>"; };
		353F204A1E0A2E85004027DD /* AppDelegate.h */ = {isa = PBXFileReference; lastKnownFileType = sourcecode.c.h; path = AppDelegate.h; sourceTree = "<group>"; };
		353F204B1E0A2E85004027DD /* AppDelegate.m */ = {isa = PBXFileReference; lastKnownFileType = sourcecode.c.objc; path = AppDelegate.m; sourceTree = "<group>"; };
		353F204D1E0A2E85004027DD /* ViewController.h */ = {isa = PBXFileReference; lastKnownFileType = sourcecode.c.h; path = ViewController.h; sourceTree = "<group>"; };
		353F204E1E0A2E85004027DD /* ViewController.m */ = {isa = PBXFileReference; lastKnownFileType = sourcecode.c.objc; path = ViewController.m; sourceTree = "<group>"; };
		353F20511E0A2E85004027DD /* Base */ = {isa = PBXFileReference; lastKnownFileType = file.storyboard; name = Base; path = Base.lproj/Main.storyboard; sourceTree = "<group>"; };
		353F20541E0A2E85004027DD /* RCStatusBarHUDExample.xcdatamodel */ = {isa = PBXFileReference; lastKnownFileType = wrapper.xcdatamodel; path = RCStatusBarHUDExample.xcdatamodel; sourceTree = "<group>"; };
		353F20561E0A2E85004027DD /* Assets.xcassets */ = {isa = PBXFileReference; lastKnownFileType = folder.assetcatalog; path = Assets.xcassets; sourceTree = "<group>"; };
		353F20591E0A2E85004027DD /* Base */ = {isa = PBXFileReference; lastKnownFileType = file.storyboard; name = Base; path = Base.lproj/LaunchScreen.storyboard; sourceTree = "<group>"; };
		353F205B1E0A2E85004027DD /* Info.plist */ = {isa = PBXFileReference; lastKnownFileType = text.plist.xml; path = Info.plist; sourceTree = "<group>"; };
		353F20681E0A2F46004027DD /* RCStatusBarHUD.bundle */ = {isa = PBXFileReference; lastKnownFileType = "wrapper.plug-in"; path = RCStatusBarHUD.bundle; sourceTree = "<group>"; };
		353F20691E0A2F46004027DD /* RCStatusBarHUD.h */ = {isa = PBXFileReference; fileEncoding = 4; lastKnownFileType = sourcecode.c.h; path = RCStatusBarHUD.h; sourceTree = "<group>"; };
		353F206A1E0A2F46004027DD /* RCStatusBarHUD.m */ = {isa = PBXFileReference; fileEncoding = 4; lastKnownFileType = sourcecode.c.objc; path = RCStatusBarHUD.m; sourceTree = "<group>"; };
/* End PBXFileReference section */

/* Begin PBXFrameworksBuildPhase section */
		353F20411E0A2E84004027DD /* Frameworks */ = {
			isa = PBXFrameworksBuildPhase;
			buildActionMask = 2147483647;
			files = (
			);
			runOnlyForDeploymentPostprocessing = 0;
		};
/* End PBXFrameworksBuildPhase section */

/* Begin PBXGroup section */
		353F203B1E0A2E84004027DD = {
			isa = PBXGroup;
			children = (
				353F20461E0A2E85004027DD /* RCStatusBarHUDExample */,
				353F20451E0A2E85004027DD /* Products */,
			);
			sourceTree = "<group>";
		};
		353F20451E0A2E85004027DD /* Products */ = {
			isa = PBXGroup;
			children = (
				353F20441E0A2E85004027DD /* RCStatusBarHUDExample.app */,
			);
			name = Products;
			sourceTree = "<group>";
		};
		353F20461E0A2E85004027DD /* RCStatusBarHUDExample */ = {
			isa = PBXGroup;
			children = (
				353F20671E0A2F46004027DD /* RCStatusBarHUD */,
				353F204A1E0A2E85004027DD /* AppDelegate.h */,
				353F204B1E0A2E85004027DD /* AppDelegate.m */,
				353F204D1E0A2E85004027DD /* ViewController.h */,
				353F204E1E0A2E85004027DD /* ViewController.m */,
				353F20501E0A2E85004027DD /* Main.storyboard */,
				353F20561E0A2E85004027DD /* Assets.xcassets */,
				353F20581E0A2E85004027DD /* LaunchScreen.storyboard */,
				353F205B1E0A2E85004027DD /* Info.plist */,
				353F20531E0A2E85004027DD /* RCStatusBarHUDExample.xcdatamodeld */,
				353F20471E0A2E85004027DD /* Supporting Files */,
			);
			path = RCStatusBarHUDExample;
			sourceTree = "<group>";
		};
		353F20471E0A2E85004027DD /* Supporting Files */ = {
			isa = PBXGroup;
			children = (
				353F20481E0A2E85004027DD /* main.m */,
			);
			name = "Supporting Files";
			sourceTree = "<group>";
		};
		353F20671E0A2F46004027DD /* RCStatusBarHUD */ = {
			isa = PBXGroup;
			children = (
				353F20681E0A2F46004027DD /* RCStatusBarHUD.bundle */,
				353F20691E0A2F46004027DD /* RCStatusBarHUD.h */,
				353F206A1E0A2F46004027DD /* RCStatusBarHUD.m */,
			);
			name = RCStatusBarHUD;
			path = ../../RCStatusBarHUD;
			sourceTree = "<group>";
		};
/* End PBXGroup section */

/* Begin PBXNativeTarget section */
		353F20431E0A2E84004027DD /* RCStatusBarHUDExample */ = {
			isa = PBXNativeTarget;
			buildConfigurationList = 353F205E1E0A2E85004027DD /* Build configuration list for PBXNativeTarget "RCStatusBarHUDExample" */;
			buildPhases = (
				353F20401E0A2E84004027DD /* Sources */,
				353F20411E0A2E84004027DD /* Frameworks */,
				353F20421E0A2E84004027DD /* Resources */,
			);
			buildRules = (
			);
			dependencies = (
			);
			name = RCStatusBarHUDExample;
			productName = RCStatusBarHUDExample;
			productReference = 353F20441E0A2E85004027DD /* RCStatusBarHUDExample.app */;
			productType = "com.apple.product-type.application";
		};
/* End PBXNativeTarget section */

/* Begin PBXProject section */
		353F203C1E0A2E84004027DD /* Project object */ = {
			isa = PBXProject;
			attributes = {
				LastUpgradeCheck = 0810;
				ORGANIZATIONNAME = churu;
				TargetAttributes = {
					353F20431E0A2E84004027DD = {
						CreatedOnToolsVersion = 8.1;
						DevelopmentTeam = LC5EY6AYCG;
						ProvisioningStyle = Automatic;
					};
				};
			};
			buildConfigurationList = 353F203F1E0A2E84004027DD /* Build configuration list for PBXProject "RCStatusBarHUDExample" */;
			compatibilityVersion = "Xcode 3.2";
			developmentRegion = English;
			hasScannedForEncodings = 0;
			knownRegions = (
				en,
				Base,
			);
			mainGroup = 353F203B1E0A2E84004027DD;
			productRefGroup = 353F20451E0A2E85004027DD /* Products */;
			projectDirPath = "";
			projectRoot = "";
			targets = (
				353F20431E0A2E84004027DD /* RCStatusBarHUDExample */,
			);
		};
/* End PBXProject section */

/* Begin PBXResourcesBuildPhase section */
		353F20421E0A2E84004027DD /* Resources */ = {
			isa = PBXResourcesBuildPhase;
			buildActionMask = 2147483647;
			files = (
				353F206B1E0A2F46004027DD /* RCStatusBarHUD.bundle in Resources */,
				353F205A1E0A2E85004027DD /* LaunchScreen.storyboard in Resources */,
				353F20571E0A2E85004027DD /* Assets.xcassets in Resources */,
				353F20521E0A2E85004027DD /* Main.storyboard in Resources */,
			);
			runOnlyForDeploymentPostprocessing = 0;
		};
/* End PBXResourcesBuildPhase section */

/* Begin PBXSourcesBuildPhase section */
		353F20401E0A2E84004027DD /* Sources */ = {
			isa = PBXSourcesBuildPhase;
			buildActionMask = 2147483647;
			files = (
				353F204F1E0A2E85004027DD /* ViewController.m in Sources */,
				353F206C1E0A2F46004027DD /* RCStatusBarHUD.m in Sources */,
				353F20551E0A2E85004027DD /* RCStatusBarHUDExample.xcdatamodeld in Sources */,
				353F204C1E0A2E85004027DD /* AppDelegate.m in Sources */,
				353F20491E0A2E85004027DD /* main.m in Sources */,
			);
			runOnlyForDeploymentPostprocessing = 0;
		};
/* End PBXSourcesBuildPhase section */

/* Begin PBXVariantGroup section */
		353F20501E0A2E85004027DD /* Main.storyboard */ = {
			isa = PBXVariantGroup;
			children = (
				353F20511E0A2E85004027DD /* Base */,
			);
			name = Main.storyboard;
			sourceTree = "<group>";
		};
		353F20581E0A2E85004027DD /* LaunchScreen.storyboard */ = {
			isa = PBXVariantGroup;
			children = (
				353F20591E0A2E85004027DD /* Base */,
			);
			name = LaunchScreen.storyboard;
			sourceTree = "<group>";
		};
/* End PBXVariantGroup section */

/* Begin XCBuildConfiguration section */
		353F205C1E0A2E85004027DD /* Debug */ = {
			isa = XCBuildConfiguration;
			buildSettings = {
				ALWAYS_SEARCH_USER_PATHS = NO;
				CLANG_ANALYZER_NONNULL = YES;
				CLANG_CXX_LANGUAGE_STANDARD = "gnu++0x";
				CLANG_CXX_LIBRARY = "libc++";
				CLANG_ENABLE_MODULES = YES;
				CLANG_ENABLE_OBJC_ARC = YES;
				CLANG_WARN_BOOL_CONVERSION = YES;
				CLANG_WARN_CONSTANT_CONVERSION = YES;
				CLANG_WARN_DIRECT_OBJC_ISA_USAGE = YES_ERROR;
				CLANG_WARN_DOCUMENTATION_COMMENTS = YES;
				CLANG_WARN_EMPTY_BODY = YES;
				CLANG_WARN_ENUM_CONVERSION = YES;
				CLANG_WARN_INFINITE_RECURSION = YES;
				CLANG_WARN_INT_CONVERSION = YES;
				CLANG_WARN_OBJC_ROOT_CLASS = YES_ERROR;
				CLANG_WARN_SUSPICIOUS_MOVES = YES;
				CLANG_WARN_UNREACHABLE_CODE = YES;
				CLANG_WARN__DUPLICATE_METHOD_MATCH = YES;
				"CODE_SIGN_IDENTITY[sdk=iphoneos*]" = "iPhone Developer";
				COPY_PHASE_STRIP = NO;
				DEBUG_INFORMATION_FORMAT = dwarf;
				ENABLE_STRICT_OBJC_MSGSEND = YES;
				ENABLE_TESTABILITY = YES;
				GCC_C_LANGUAGE_STANDARD = gnu99;
				GCC_DYNAMIC_NO_PIC = NO;
				GCC_NO_COMMON_BLOCKS = YES;
				GCC_OPTIMIZATION_LEVEL = 0;
				GCC_PREPROCESSOR_DEFINITIONS = (
					"DEBUG=1",
					"$(inherited)",
				);
				GCC_WARN_64_TO_32_BIT_CONVERSION = YES;
				GCC_WARN_ABOUT_RETURN_TYPE = YES_ERROR;
				GCC_WARN_UNDECLARED_SELECTOR = YES;
				GCC_WARN_UNINITIALIZED_AUTOS = YES_AGGRESSIVE;
				GCC_WARN_UNUSED_FUNCTION = YES;
				GCC_WARN_UNUSED_VARIABLE = YES;
				IPHONEOS_DEPLOYMENT_TARGET = 10.1;
				MTL_ENABLE_DEBUG_INFO = YES;
				ONLY_ACTIVE_ARCH = YES;
				SDKROOT = iphoneos;
				TARGETED_DEVICE_FAMILY = "1,2";
			};
			name = Debug;
		};
		353F205D1E0A2E85004027DD /* Release */ = {
			isa = XCBuildConfiguration;
			buildSettings = {
				ALWAYS_SEARCH_USER_PATHS = NO;
				CLANG_ANALYZER_NONNULL = YES;
				CLANG_CXX_LANGUAGE_STANDARD = "gnu++0x";
				CLANG_CXX_LIBRARY = "libc++";
				CLANG_ENABLE_MODULES = YES;
				CLANG_ENABLE_OBJC_ARC = YES;
				CLANG_WARN_BOOL_CONVERSION = YES;
				CLANG_WARN_CONSTANT_CONVERSION = YES;
				CLANG_WARN_DIRECT_OBJC_ISA_USAGE = YES_ERROR;
				CLANG_WARN_DOCUMENTATION_COMMENTS = YES;
				CLANG_WARN_EMPTY_BODY = YES;
				CLANG_WARN_ENUM_CONVERSION = YES;
				CLANG_WARN_INFINITE_RECURSION = YES;
				CLANG_WARN_INT_CONVERSION = YES;
				CLANG_WARN_OBJC_ROOT_CLASS = YES_ERROR;
				CLANG_WARN_SUSPICIOUS_MOVES = YES;
				CLANG_WARN_UNREACHABLE_CODE = YES;
				CLANG_WARN__DUPLICATE_METHOD_MATCH = YES;
				"CODE_SIGN_IDENTITY[sdk=iphoneos*]" = "iPhone Developer";
				COPY_PHASE_STRIP = NO;
				DEBUG_INFORMATION_FORMAT = "dwarf-with-dsym";
				ENABLE_NS_ASSERTIONS = NO;
				ENABLE_STRICT_OBJC_MSGSEND = YES;
				GCC_C_LANGUAGE_STANDARD = gnu99;
				GCC_NO_COMMON_BLOCKS = YES;
				GCC_WARN_64_TO_32_BIT_CONVERSION = YES;
				GCC_WARN_ABOUT_RETURN_TYPE = YES_ERROR;
				GCC_WARN_UNDECLARED_SELECTOR = YES;
				GCC_WARN_UNINITIALIZED_AUTOS = YES_AGGRESSIVE;
				GCC_WARN_UNUSED_FUNCTION = YES;
				GCC_WARN_UNUSED_VARIABLE = YES;
				IPHONEOS_DEPLOYMENT_TARGET = 10.1;
				MTL_ENABLE_DEBUG_INFO = NO;
				SDKROOT = iphoneos;
				TARGETED_DEVICE_FAMILY = "1,2";
				VALIDATE_PRODUCT = YES;
			};
			name = Release;
		};
		353F205F1E0A2E85004027DD /* Debug */ = {
			isa = XCBuildConfiguration;
			buildSettings = {
				ASSETCATALOG_COMPILER_APPICON_NAME = AppIcon;
				DEVELOPMENT_TEAM = LC5EY6AYCG;
				INFOPLIST_FILE = RCStatusBarHUDExample/Info.plist;
				LD_RUNPATH_SEARCH_PATHS = "$(inherited) @executable_path/Frameworks";
				PRODUCT_BUNDLE_IDENTIFIER = com.ruchu.RCStatusBarHUDExample;
				PRODUCT_NAME = "$(TARGET_NAME)";
			};
			name = Debug;
		};
		353F20601E0A2E85004027DD /* Release */ = {
			isa = XCBuildConfiguration;
			buildSettings = {
				ASSETCATALOG_COMPILER_APPICON_NAME = AppIcon;
				DEVELOPMENT_TEAM = LC5EY6AYCG;
				INFOPLIST_FILE = RCStatusBarHUDExample/Info.plist;
				LD_RUNPATH_SEARCH_PATHS = "$(inherited) @executable_path/Frameworks";
				PRODUCT_BUNDLE_IDENTIFIER = com.ruchu.RCStatusBarHUDExample;
				PRODUCT_NAME = "$(TARGET_NAME)";
			};
			name = Release;
		};
/* End XCBuildConfiguration section */

/* Begin XCConfigurationList section */
		353F203F1E0A2E84004027DD /* Build configuration list for PBXProject "RCStatusBarHUDExample" */ = {
			isa = XCConfigurationList;
			buildConfigurations = (
				353F205C1E0A2E85004027DD /* Debug */,
				353F205D1E0A2E85004027DD /* Release */,
			);
			defaultConfigurationIsVisible = 0;
			defaultConfigurationName = Release;
		};
		353F205E1E0A2E85004027DD /* Build configuration list for PBXNativeTarget "RCStatusBarHUDExample" */ = {
			isa = XCConfigurationList;
			buildConfigurations = (
				353F205F1E0A2E85004027DD /* Debug */,
				353F20601E0A2E85004027DD /* Release */,
			);
			defaultConfigurationIsVisible = 0;
		};
/* End XCConfigurationList section */

/* Begin XCVersionGroup section */
		353F20531E0A2E85004027DD /* RCStatusBarHUDExample.xcdatamodeld */ = {
			isa = XCVersionGroup;
			children = (
				353F20541E0A2E85004027DD /* RCStatusBarHUDExample.xcdatamodel */,
			);
			currentVersion = 353F20541E0A2E85004027DD /* RCStatusBarHUDExample.xcdatamodel */;
			path = RCStatusBarHUDExample.xcdatamodeld;
			sourceTree = "<group>";
			versionGroupType = wrapper.xcdatamodel;
		};
/* End XCVersionGroup section */
	};
	rootObject = 353F203C1E0A2E84004027DD /* Project object */;
}
